
Microsoft Visual Studio Solution File, Format Version 12.00
# Visual Studio Version 16
VisualStudioVersion = 16.0.29609.76
MinimumVisualStudioVersion = 10.0.40219.1
Project("{FAE04EC0-301F-11D3-BF4B-00C04F79EFBC}") = "RunbeckExercise_JayWarner", "RunbeckExercise_JayWarner\RunbeckExercise_JayWarner.csproj", "{4EFEAEE3-6B5E-4098-8B6B-72ECF661FA47}"
EndProject
Global
	GlobalSection(SolutionConfigurationPlatforms) = preSolution
		Debug|Any CPU = Debug|Any CPU
		Release|Any CPU = Release|Any CPU
	EndGlobalSection
	GlobalSection(ProjectConfigurationPlatforms) = postSolution
		{4EFEAEE3-6B5E-4098-8B6B-72ECF661FA47}.Debug|Any CPU.ActiveCfg = Debug|Any CPU
		{4EFEAEE3-6B5E-4098-8B6B-72ECF661FA47}.Debug|Any CPU.Build.0 = Debug|Any CPU
		{4EFEAEE3-6B5E-4098-8B6B-72ECF661FA47}.Release|Any CPU.ActiveCfg = Release|Any CPU
		{4EFEAEE3-6B5E-4098-8B6B-72ECF661FA47}.Release|Any CPU.Build.0 = Release|Any CPU
	EndGlobalSection
	GlobalSection(SolutionProperties) = preSolution
		HideSolutionNode = FALSE
	EndGlobalSection
	GlobalSection(ExtensibilityGlobals) = postSolution
		SolutionGuid = {1EE4F03F-323B-46BB-BB0C-9C14E2EAAAFA}
	EndGlobalSection
EndGlobal
